
Microsoft Visual Studio Solution File, Format Version 12.00
# Visual Studio Version 17
VisualStudioVersion = 17.6.33712.159
MinimumVisualStudioVersion = 10.0.40219.1
Project("{778DAE3C-4631-46EA-AA77-85C1314464D9}") = "Multibox Software", "Multibox Software.vbproj", "{02EDF9A8-F155-4AA5-BB78-7670A2F39112}"
EndProject
Global
	GlobalSection(SolutionConfigurationPlatforms) = preSolution
		Debug|Any CPU = Debug|Any CPU
		Release|Any CPU = Release|Any CPU
	EndGlobalSection
	GlobalSection(ProjectConfigurationPlatforms) = postSolution
		{02EDF9A8-F155-4AA5-BB78-7670A2F39112}.Debug|Any CPU.ActiveCfg = Debug|Any CPU
		{02EDF9A8-F155-4AA5-BB78-7670A2F39112}.Debug|Any CPU.Build.0 = Debug|Any CPU
		{02EDF9A8-F155-4AA5-BB78-7670A2F39112}.Release|Any CPU.ActiveCfg = Release|Any CPU
		{02EDF9A8-F155-4AA5-BB78-7670A2F39112}.Release|Any CPU.Build.0 = Release|Any CPU
	EndGlobalSection
	GlobalSection(SolutionProperties) = preSolution
		HideSolutionNode = FALSE
	EndGlobalSection
	GlobalSection(ExtensibilityGlobals) = postSolution
		SolutionGuid = {7F8D2ECF-D2CA-4948-94BA-B3FAE9FD76D2}
	EndGlobalSection
EndGlobal
